// !$*UTF8*$!
{
	archiveVersion = 1;
	classes = {
	};
	objectVersion = 46;
	objects = {

/* Begin PBXBuildFile section */
		6D43B6D1FFD7ACAF92E0FE06 /* Pods_T_Minus.framework in Frameworks */ = {isa = PBXBuildFile; fileRef = FA4792F123FDBF8D05386C92 /* Pods_T_Minus.framework */; };
		7534A6B01E749425001A817B /* AppDelegate.swift in Sources */ = {isa = PBXBuildFile; fileRef = 7534A6AF1E749425001A817B /* AppDelegate.swift */; };
		7534A6B21E749425001A817B /* LaunchesViewController.swift in Sources */ = {isa = PBXBuildFile; fileRef = 7534A6B11E749425001A817B /* LaunchesViewController.swift */; };
		7534A6B51E749425001A817B /* Main.storyboard in Resources */ = {isa = PBXBuildFile; fileRef = 7534A6B31E749425001A817B /* Main.storyboard */; };
		7534A6B71E749425001A817B /* Assets.xcassets in Resources */ = {isa = PBXBuildFile; fileRef = 7534A6B61E749425001A817B /* Assets.xcassets */; };
		7534A6BA1E749425001A817B /* LaunchScreen.storyboard in Resources */ = {isa = PBXBuildFile; fileRef = 7534A6B81E749425001A817B /* LaunchScreen.storyboard */; };
		7534A6C31E749ED7001A817B /* API.swift in Sources */ = {isa = PBXBuildFile; fileRef = 7534A6C21E749ED7001A817B /* API.swift */; };
		7534A6C51E74A000001A817B /* API+Moya.swift in Sources */ = {isa = PBXBuildFile; fileRef = 7534A6C41E74A000001A817B /* API+Moya.swift */; };
		7534A6C81E74A374001A817B /* DateFormatter+Additions.swift in Sources */ = {isa = PBXBuildFile; fileRef = 7534A6C71E74A374001A817B /* DateFormatter+Additions.swift */; };
		7534A6CD1E74BB2D001A817B /* LaunchCell.swift in Sources */ = {isa = PBXBuildFile; fileRef = 7534A6CC1E74BB2D001A817B /* LaunchCell.swift */; };
		7534A6D01E75FA69001A817B /* Launch.swift in Sources */ = {isa = PBXBuildFile; fileRef = 7534A6CF1E75FA69001A817B /* Launch.swift */; };
		7534A6D81E76437C001A817B /* PageLoadingCell.swift in Sources */ = {isa = PBXBuildFile; fileRef = 7534A6D71E76437C001A817B /* PageLoadingCell.swift */; };
		7546D1381E7E462100EA3608 /* Rocket.swift in Sources */ = {isa = PBXBuildFile; fileRef = 7546D1371E7E462100EA3608 /* Rocket.swift */; };
		7546D13A1E7E4B7500EA3608 /* Mission.swift in Sources */ = {isa = PBXBuildFile; fileRef = 7546D1391E7E4B7500EA3608 /* Mission.swift */; };
		7546D13C1E7E4BF500EA3608 /* sample.json in Resources */ = {isa = PBXBuildFile; fileRef = 7546D13B1E7E4BF500EA3608 /* sample.json */; };
		75B380FD1E7D010D00EA19FF /* BlockObserver.swift in Sources */ = {isa = PBXBuildFile; fileRef = 75B380FC1E7D010D00EA19FF /* BlockObserver.swift */; };
		75CD87AB1E7CF43C00941511 /* NotificationType.swift in Sources */ = {isa = PBXBuildFile; fileRef = 75CD87AA1E7CF43C00941511 /* NotificationType.swift */; };
		75CD87AD1E7CF97D00941511 /* BackgroundNotificationRegistrar.swift in Sources */ = {isa = PBXBuildFile; fileRef = 75CD87AC1E7CF97D00941511 /* BackgroundNotificationRegistrar.swift */; };
		75D61E131E779DD1009D4BAB /* NotificationManager.swift in Sources */ = {isa = PBXBuildFile; fileRef = 75D61E121E779DD1009D4BAB /* NotificationManager.swift */; };
		75D61E151E7B8B67009D4BAB /* JSONModel.swift in Sources */ = {isa = PBXBuildFile; fileRef = 75D61E141E7B8B67009D4BAB /* JSONModel.swift */; };
		BEF79DD51E77570200C3F61D /* TimeInterval+Additions.swift in Sources */ = {isa = PBXBuildFile; fileRef = BEF79DD41E77570200C3F61D /* TimeInterval+Additions.swift */; };
		BEF79DD71E77576F00C3F61D /* LaunchTextProvider.swift in Sources */ = {isa = PBXBuildFile; fileRef = BEF79DD61E77576F00C3F61D /* LaunchTextProvider.swift */; };
		BEF79DD91E77599900C3F61D /* UIView+Additions.swift in Sources */ = {isa = PBXBuildFile; fileRef = BEF79DD81E77599900C3F61D /* UIView+Additions.swift */; };
		BEF79DDB1E775A5100C3F61D /* LoadingView.swift in Sources */ = {isa = PBXBuildFile; fileRef = BEF79DDA1E775A5100C3F61D /* LoadingView.swift */; };
/* End PBXBuildFile section */

/* Begin PBXFileReference section */
		2111D873ACB18110BFDB842A /* Pods-T-Minus.release.xcconfig */ = {isa = PBXFileReference; includeInIndex = 1; lastKnownFileType = text.xcconfig; name = "Pods-T-Minus.release.xcconfig"; path = "Pods/Target Support Files/Pods-T-Minus/Pods-T-Minus.release.xcconfig"; sourceTree = "<group>"; };
		3815ACB65F76BA8867DFA6B4 /* Pods_TMinus.framework */ = {isa = PBXFileReference; explicitFileType = wrapper.framework; includeInIndex = 0; path = Pods_TMinus.framework; sourceTree = BUILT_PRODUCTS_DIR; };
		4CE89ACD474F838A039DEF75 /* Pods-TMinus.release.xcconfig */ = {isa = PBXFileReference; includeInIndex = 1; lastKnownFileType = text.xcconfig; name = "Pods-TMinus.release.xcconfig"; path = "Pods/Target Support Files/Pods-TMinus/Pods-TMinus.release.xcconfig"; sourceTree = "<group>"; };
		7534A6AC1E749425001A817B /* T-Minus.app */ = {isa = PBXFileReference; explicitFileType = wrapper.application; includeInIndex = 0; path = "T-Minus.app"; sourceTree = BUILT_PRODUCTS_DIR; };
		7534A6AF1E749425001A817B /* AppDelegate.swift */ = {isa = PBXFileReference; lastKnownFileType = sourcecode.swift; path = AppDelegate.swift; sourceTree = "<group>"; };
		7534A6B11E749425001A817B /* LaunchesViewController.swift */ = {isa = PBXFileReference; lastKnownFileType = sourcecode.swift; path = LaunchesViewController.swift; sourceTree = "<group>"; };
		7534A6B41E749425001A817B /* Base */ = {isa = PBXFileReference; lastKnownFileType = file.storyboard; name = Base; path = Base.lproj/Main.storyboard; sourceTree = "<group>"; };
		7534A6B61E749425001A817B /* Assets.xcassets */ = {isa = PBXFileReference; lastKnownFileType = folder.assetcatalog; path = Assets.xcassets; sourceTree = "<group>"; };
		7534A6B91E749425001A817B /* Base */ = {isa = PBXFileReference; lastKnownFileType = file.storyboard; name = Base; path = Base.lproj/LaunchScreen.storyboard; sourceTree = "<group>"; };
		7534A6BB1E749425001A817B /* Info.plist */ = {isa = PBXFileReference; lastKnownFileType = text.plist.xml; path = Info.plist; sourceTree = "<group>"; };
		7534A6C21E749ED7001A817B /* API.swift */ = {isa = PBXFileReference; fileEncoding = 4; lastKnownFileType = sourcecode.swift; path = API.swift; sourceTree = "<group>"; };
		7534A6C41E74A000001A817B /* API+Moya.swift */ = {isa = PBXFileReference; fileEncoding = 4; lastKnownFileType = sourcecode.swift; path = "API+Moya.swift"; sourceTree = "<group>"; };
		7534A6C71E74A374001A817B /* DateFormatter+Additions.swift */ = {isa = PBXFileReference; fileEncoding = 4; lastKnownFileType = sourcecode.swift; path = "DateFormatter+Additions.swift"; sourceTree = "<group>"; };
		7534A6CC1E74BB2D001A817B /* LaunchCell.swift */ = {isa = PBXFileReference; fileEncoding = 4; lastKnownFileType = sourcecode.swift; path = LaunchCell.swift; sourceTree = "<group>"; };
		7534A6CF1E75FA69001A817B /* Launch.swift */ = {isa = PBXFileReference; fileEncoding = 4; lastKnownFileType = sourcecode.swift; path = Launch.swift; sourceTree = "<group>"; };
		7534A6D71E76437C001A817B /* PageLoadingCell.swift */ = {isa = PBXFileReference; fileEncoding = 4; lastKnownFileType = sourcecode.swift; path = PageLoadingCell.swift; sourceTree = "<group>"; };
		7546D1371E7E462100EA3608 /* Rocket.swift */ = {isa = PBXFileReference; fileEncoding = 4; lastKnownFileType = sourcecode.swift; path = Rocket.swift; sourceTree = "<group>"; };
		7546D1391E7E4B7500EA3608 /* Mission.swift */ = {isa = PBXFileReference; fileEncoding = 4; lastKnownFileType = sourcecode.swift; path = Mission.swift; sourceTree = "<group>"; };
		7546D13B1E7E4BF500EA3608 /* sample.json */ = {isa = PBXFileReference; fileEncoding = 4; lastKnownFileType = text.json; path = sample.json; sourceTree = "<group>"; };
		75B380FC1E7D010D00EA19FF /* BlockObserver.swift */ = {isa = PBXFileReference; fileEncoding = 4; lastKnownFileType = sourcecode.swift; path = BlockObserver.swift; sourceTree = "<group>"; };
		75CD87AA1E7CF43C00941511 /* NotificationType.swift */ = {isa = PBXFileReference; fileEncoding = 4; lastKnownFileType = sourcecode.swift; path = NotificationType.swift; sourceTree = "<group>"; };
		75CD87AC1E7CF97D00941511 /* BackgroundNotificationRegistrar.swift */ = {isa = PBXFileReference; fileEncoding = 4; lastKnownFileType = sourcecode.swift; path = BackgroundNotificationRegistrar.swift; sourceTree = "<group>"; };
		75D61E121E779DD1009D4BAB /* NotificationManager.swift */ = {isa = PBXFileReference; fileEncoding = 4; lastKnownFileType = sourcecode.swift; path = NotificationManager.swift; sourceTree = "<group>"; };
		75D61E141E7B8B67009D4BAB /* JSONModel.swift */ = {isa = PBXFileReference; fileEncoding = 4; lastKnownFileType = sourcecode.swift; path = JSONModel.swift; sourceTree = "<group>"; };
		8313C3962031EA858F284075 /* Pods-TMinus.debug.xcconfig */ = {isa = PBXFileReference; includeInIndex = 1; lastKnownFileType = text.xcconfig; name = "Pods-TMinus.debug.xcconfig"; path = "Pods/Target Support Files/Pods-TMinus/Pods-TMinus.debug.xcconfig"; sourceTree = "<group>"; };
		918D45FAC472D281CAD34D0D /* Pods-T-Minus.debug.xcconfig */ = {isa = PBXFileReference; includeInIndex = 1; lastKnownFileType = text.xcconfig; name = "Pods-T-Minus.debug.xcconfig"; path = "Pods/Target Support Files/Pods-T-Minus/Pods-T-Minus.debug.xcconfig"; sourceTree = "<group>"; };
		BEF79DD41E77570200C3F61D /* TimeInterval+Additions.swift */ = {isa = PBXFileReference; fileEncoding = 4; lastKnownFileType = sourcecode.swift; path = "TimeInterval+Additions.swift"; sourceTree = "<group>"; };
		BEF79DD61E77576F00C3F61D /* LaunchTextProvider.swift */ = {isa = PBXFileReference; fileEncoding = 4; lastKnownFileType = sourcecode.swift; path = LaunchTextProvider.swift; sourceTree = "<group>"; };
		BEF79DD81E77599900C3F61D /* UIView+Additions.swift */ = {isa = PBXFileReference; fileEncoding = 4; lastKnownFileType = sourcecode.swift; path = "UIView+Additions.swift"; sourceTree = "<group>"; };
		BEF79DDA1E775A5100C3F61D /* LoadingView.swift */ = {isa = PBXFileReference; fileEncoding = 4; lastKnownFileType = sourcecode.swift; path = LoadingView.swift; sourceTree = "<group>"; };
		FA4792F123FDBF8D05386C92 /* Pods_T_Minus.framework */ = {isa = PBXFileReference; explicitFileType = wrapper.framework; includeInIndex = 0; path = Pods_T_Minus.framework; sourceTree = BUILT_PRODUCTS_DIR; };
/* End PBXFileReference section */

/* Begin PBXFrameworksBuildPhase section */
		7534A6A91E749425001A817B /* Frameworks */ = {
			isa = PBXFrameworksBuildPhase;
			buildActionMask = 2147483647;
			files = (
				6D43B6D1FFD7ACAF92E0FE06 /* Pods_T_Minus.framework in Frameworks */,
			);
			runOnlyForDeploymentPostprocessing = 0;
		};
/* End PBXFrameworksBuildPhase section */

/* Begin PBXGroup section */
		7523EAD11E76626E00A52449 /* Business */ = {
			isa = PBXGroup;
			children = (
				BEF79DD61E77576F00C3F61D /* LaunchTextProvider.swift */,
				75D61E121E779DD1009D4BAB /* NotificationManager.swift */,
				75CD87AC1E7CF97D00941511 /* BackgroundNotificationRegistrar.swift */,
				75B380FC1E7D010D00EA19FF /* BlockObserver.swift */,
			);
			name = Business;
			sourceTree = "<group>";
		};
		7534A6A31E749425001A817B = {
			isa = PBXGroup;
			children = (
				7534A6AE1E749425001A817B /* TMinus */,
				7534A6AD1E749425001A817B /* Products */,
				ABF5509A25A2DEBE78E9CCA7 /* Pods */,
				D66249A0814A056AF258FFD0 /* Frameworks */,
			);
			sourceTree = "<group>";
		};
		7534A6AD1E749425001A817B /* Products */ = {
			isa = PBXGroup;
			children = (
				7534A6AC1E749425001A817B /* T-Minus.app */,
			);
			name = Products;
			sourceTree = "<group>";
		};
		7534A6AE1E749425001A817B /* TMinus */ = {
			isa = PBXGroup;
			children = (
				7523EAD11E76626E00A52449 /* Business */,
				7534A6C11E749E9C001A817B /* API */,
				7534A6CE1E75FA5B001A817B /* Model */,
				7534A6CA1E74BAC3001A817B /* Presentation */,
				7534A6C61E74A364001A817B /* Extensions */,
				7534A6D61E7642CA001A817B /* Resources */,
				7534A6D51E7642BF001A817B /* Supporting Files */,
			);
			path = TMinus;
			sourceTree = "<group>";
		};
		7534A6C11E749E9C001A817B /* API */ = {
			isa = PBXGroup;
			children = (
				7534A6C21E749ED7001A817B /* API.swift */,
				7534A6C41E74A000001A817B /* API+Moya.swift */,
			);
			name = API;
			sourceTree = "<group>";
		};
		7534A6C61E74A364001A817B /* Extensions */ = {
			isa = PBXGroup;
			children = (
				7534A6C71E74A374001A817B /* DateFormatter+Additions.swift */,
				BEF79DD41E77570200C3F61D /* TimeInterval+Additions.swift */,
				BEF79DD81E77599900C3F61D /* UIView+Additions.swift */,
			);
			name = Extensions;
			sourceTree = "<group>";
		};
		7534A6CA1E74BAC3001A817B /* Presentation */ = {
			isa = PBXGroup;
			children = (
				7534A6D41E7642AD001A817B /* Interface */,
				7534A6D31E7642A5001A817B /* Controllers */,
				7534A6CB1E74BAD0001A817B /* Views */,
			);
			name = Presentation;
			sourceTree = "<group>";
		};
		7534A6CB1E74BAD0001A817B /* Views */ = {
			isa = PBXGroup;
			children = (
				7534A6CC1E74BB2D001A817B /* LaunchCell.swift */,
				7534A6D71E76437C001A817B /* PageLoadingCell.swift */,
				BEF79DDA1E775A5100C3F61D /* LoadingView.swift */,
			);
			name = Views;
			sourceTree = "<group>";
		};
		7534A6CE1E75FA5B001A817B /* Model */ = {
			isa = PBXGroup;
			children = (
				75D61E141E7B8B67009D4BAB /* JSONModel.swift */,
				7534A6CF1E75FA69001A817B /* Launch.swift */,
				75CD87AA1E7CF43C00941511 /* NotificationType.swift */,
				7546D1371E7E462100EA3608 /* Rocket.swift */,
				7546D1391E7E4B7500EA3608 /* Mission.swift */,
			);
			name = Model;
			sourceTree = "<group>";
		};
		7534A6D31E7642A5001A817B /* Controllers */ = {
			isa = PBXGroup;
			children = (
				7534A6B11E749425001A817B /* LaunchesViewController.swift */,
			);
			name = Controllers;
			sourceTree = "<group>";
		};
		7534A6D41E7642AD001A817B /* Interface */ = {
			isa = PBXGroup;
			children = (
				7534A6B31E749425001A817B /* Main.storyboard */,
				7534A6B81E749425001A817B /* LaunchScreen.storyboard */,
			);
			name = Interface;
			sourceTree = "<group>";
		};
		7534A6D51E7642BF001A817B /* Supporting Files */ = {
			isa = PBXGroup;
			children = (
				7534A6AF1E749425001A817B /* AppDelegate.swift */,
				7534A6BB1E749425001A817B /* Info.plist */,
			);
			name = "Supporting Files";
			sourceTree = "<group>";
		};
		7534A6D61E7642CA001A817B /* Resources */ = {
			isa = PBXGroup;
			children = (
				7534A6B61E749425001A817B /* Assets.xcassets */,
				7546D13B1E7E4BF500EA3608 /* sample.json */,
			);
			name = Resources;
			sourceTree = "<group>";
		};
		ABF5509A25A2DEBE78E9CCA7 /* Pods */ = {
			isa = PBXGroup;
			children = (
				8313C3962031EA858F284075 /* Pods-TMinus.debug.xcconfig */,
				4CE89ACD474F838A039DEF75 /* Pods-TMinus.release.xcconfig */,
				918D45FAC472D281CAD34D0D /* Pods-T-Minus.debug.xcconfig */,
				2111D873ACB18110BFDB842A /* Pods-T-Minus.release.xcconfig */,
			);
			name = Pods;
			sourceTree = "<group>";
		};
		D66249A0814A056AF258FFD0 /* Frameworks */ = {
			isa = PBXGroup;
			children = (
				3815ACB65F76BA8867DFA6B4 /* Pods_TMinus.framework */,
				FA4792F123FDBF8D05386C92 /* Pods_T_Minus.framework */,
			);
			name = Frameworks;
			sourceTree = "<group>";
		};
/* End PBXGroup section */

/* Begin PBXNativeTarget section */
		7534A6AB1E749425001A817B /* T-Minus */ = {
			isa = PBXNativeTarget;
			buildConfigurationList = 7534A6BE1E749425001A817B /* Build configuration list for PBXNativeTarget "T-Minus" */;
			buildPhases = (
				41B25DAD3AA8D24E41F3F712 /* [CP] Check Pods Manifest.lock */,
				7534A6A81E749425001A817B /* Sources */,
				7534A6A91E749425001A817B /* Frameworks */,
				7534A6AA1E749425001A817B /* Resources */,
				ECCCD033596595B7F3B81952 /* [CP] Embed Pods Frameworks */,
				4D23D831E00324414AB69EAF /* [CP] Copy Pods Resources */,
			);
			buildRules = (
			);
			dependencies = (
			);
			name = "T-Minus";
			productName = TMinus;
			productReference = 7534A6AC1E749425001A817B /* T-Minus.app */;
			productType = "com.apple.product-type.application";
		};
/* End PBXNativeTarget section */

/* Begin PBXProject section */
		7534A6A41E749425001A817B /* Project object */ = {
			isa = PBXProject;
			attributes = {
				LastSwiftUpdateCheck = 0820;
				LastUpgradeCheck = 0820;
				ORGANIZATIONNAME = "Claybrook Software";
				TargetAttributes = {
					7534A6AB1E749425001A817B = {
						CreatedOnToolsVersion = 8.2.1;
						DevelopmentTeam = 4SGAZDJL4U;
						ProvisioningStyle = Automatic;
						SystemCapabilities = {
							com.apple.BackgroundModes = {
								enabled = 1;
							};
						};
					};
				};
			};
			buildConfigurationList = 7534A6A71E749425001A817B /* Build configuration list for PBXProject "TMinus" */;
			compatibilityVersion = "Xcode 3.2";
			developmentRegion = English;
			hasScannedForEncodings = 0;
			knownRegions = (
				en,
				Base,
			);
			mainGroup = 7534A6A31E749425001A817B;
			productRefGroup = 7534A6AD1E749425001A817B /* Products */;
			projectDirPath = "";
			projectRoot = "";
			targets = (
				7534A6AB1E749425001A817B /* T-Minus */,
			);
		};
/* End PBXProject section */

/* Begin PBXResourcesBuildPhase section */
		7534A6AA1E749425001A817B /* Resources */ = {
			isa = PBXResourcesBuildPhase;
			buildActionMask = 2147483647;
			files = (
				7546D13C1E7E4BF500EA3608 /* sample.json in Resources */,
				7534A6BA1E749425001A817B /* LaunchScreen.storyboard in Resources */,
				7534A6B71E749425001A817B /* Assets.xcassets in Resources */,
				7534A6B51E749425001A817B /* Main.storyboard in Resources */,
			);
			runOnlyForDeploymentPostprocessing = 0;
		};
/* End PBXResourcesBuildPhase section */

/* Begin PBXShellScriptBuildPhase section */
		41B25DAD3AA8D24E41F3F712 /* [CP] Check Pods Manifest.lock */ = {
			isa = PBXShellScriptBuildPhase;
			buildActionMask = 2147483647;
			files = (
			);
			inputPaths = (
			);
			name = "[CP] Check Pods Manifest.lock";
			outputPaths = (
			);
			runOnlyForDeploymentPostprocessing = 0;
			shellPath = /bin/sh;
			shellScript = "diff \"${PODS_ROOT}/../Podfile.lock\" \"${PODS_ROOT}/Manifest.lock\" > /dev/null\nif [ $? != 0 ] ; then\n    # print error to STDERR\n    echo \"error: The sandbox is not in sync with the Podfile.lock. Run 'pod install' or update your CocoaPods installation.\" >&2\n    exit 1\nfi\n";
			showEnvVarsInLog = 0;
		};
		4D23D831E00324414AB69EAF /* [CP] Copy Pods Resources */ = {
			isa = PBXShellScriptBuildPhase;
			buildActionMask = 2147483647;
			files = (
			);
			inputPaths = (
			);
			name = "[CP] Copy Pods Resources";
			outputPaths = (
			);
			runOnlyForDeploymentPostprocessing = 0;
			shellPath = /bin/sh;
			shellScript = "\"${SRCROOT}/Pods/Target Support Files/Pods-T-Minus/Pods-T-Minus-resources.sh\"\n";
			showEnvVarsInLog = 0;
		};
		ECCCD033596595B7F3B81952 /* [CP] Embed Pods Frameworks */ = {
			isa = PBXShellScriptBuildPhase;
			buildActionMask = 2147483647;
			files = (
			);
			inputPaths = (
			);
			name = "[CP] Embed Pods Frameworks";
			outputPaths = (
			);
			runOnlyForDeploymentPostprocessing = 0;
			shellPath = /bin/sh;
			shellScript = "\"${SRCROOT}/Pods/Target Support Files/Pods-T-Minus/Pods-T-Minus-frameworks.sh\"\n";
			showEnvVarsInLog = 0;
		};
/* End PBXShellScriptBuildPhase section */

/* Begin PBXSourcesBuildPhase section */
		7534A6A81E749425001A817B /* Sources */ = {
			isa = PBXSourcesBuildPhase;
			buildActionMask = 2147483647;
			files = (
				7534A6C81E74A374001A817B /* DateFormatter+Additions.swift in Sources */,
				7534A6C51E74A000001A817B /* API+Moya.swift in Sources */,
				BEF79DD71E77576F00C3F61D /* LaunchTextProvider.swift in Sources */,
				7534A6CD1E74BB2D001A817B /* LaunchCell.swift in Sources */,
				75B380FD1E7D010D00EA19FF /* BlockObserver.swift in Sources */,
				75CD87AB1E7CF43C00941511 /* NotificationType.swift in Sources */,
				BEF79DD91E77599900C3F61D /* UIView+Additions.swift in Sources */,
				BEF79DDB1E775A5100C3F61D /* LoadingView.swift in Sources */,
				75D61E131E779DD1009D4BAB /* NotificationManager.swift in Sources */,
				7546D1381E7E462100EA3608 /* Rocket.swift in Sources */,
				7534A6D81E76437C001A817B /* PageLoadingCell.swift in Sources */,
				7534A6B21E749425001A817B /* LaunchesViewController.swift in Sources */,
				75CD87AD1E7CF97D00941511 /* BackgroundNotificationRegistrar.swift in Sources */,
				BEF79DD51E77570200C3F61D /* TimeInterval+Additions.swift in Sources */,
				7534A6D01E75FA69001A817B /* Launch.swift in Sources */,
				75D61E151E7B8B67009D4BAB /* JSONModel.swift in Sources */,
				7534A6C31E749ED7001A817B /* API.swift in Sources */,
				7546D13A1E7E4B7500EA3608 /* Mission.swift in Sources */,
				7534A6B01E749425001A817B /* AppDelegate.swift in Sources */,
			);
			runOnlyForDeploymentPostprocessing = 0;
		};
/* End PBXSourcesBuildPhase section */

/* Begin PBXVariantGroup section */
		7534A6B31E749425001A817B /* Main.storyboard */ = {
			isa = PBXVariantGroup;
			children = (
				7534A6B41E749425001A817B /* Base */,
			);
			name = Main.storyboard;
			sourceTree = "<group>";
		};
		7534A6B81E749425001A817B /* LaunchScreen.storyboard */ = {
			isa = PBXVariantGroup;
			children = (
				7534A6B91E749425001A817B /* Base */,
			);
			name = LaunchScreen.storyboard;
			sourceTree = "<group>";
		};
/* End PBXVariantGroup section */

/* Begin XCBuildConfiguration section */
		7534A6BC1E749425001A817B /* Debug */ = {
			isa = XCBuildConfiguration;
			buildSettings = {
				ALWAYS_SEARCH_USER_PATHS = NO;
				CLANG_ANALYZER_NONNULL = YES;
				CLANG_CXX_LANGUAGE_STANDARD = "gnu++0x";
				CLANG_CXX_LIBRARY = "libc++";
				CLANG_ENABLE_MODULES = YES;
				CLANG_ENABLE_OBJC_ARC = YES;
				CLANG_WARN_BOOL_CONVERSION = YES;
				CLANG_WARN_CONSTANT_CONVERSION = YES;
				CLANG_WARN_DIRECT_OBJC_ISA_USAGE = YES_ERROR;
				CLANG_WARN_DOCUMENTATION_COMMENTS = YES;
				CLANG_WARN_EMPTY_BODY = YES;
				CLANG_WARN_ENUM_CONVERSION = YES;
				CLANG_WARN_INFINITE_RECURSION = YES;
				CLANG_WARN_INT_CONVERSION = YES;
				CLANG_WARN_OBJC_ROOT_CLASS = YES_ERROR;
				CLANG_WARN_SUSPICIOUS_MOVE = YES;
				CLANG_WARN_UNREACHABLE_CODE = YES;
				CLANG_WARN__DUPLICATE_METHOD_MATCH = YES;
				"CODE_SIGN_IDENTITY[sdk=iphoneos*]" = "iPhone Developer";
				COPY_PHASE_STRIP = NO;
				DEBUG_INFORMATION_FORMAT = dwarf;
				ENABLE_STRICT_OBJC_MSGSEND = YES;
				ENABLE_TESTABILITY = YES;
				GCC_C_LANGUAGE_STANDARD = gnu99;
				GCC_DYNAMIC_NO_PIC = NO;
				GCC_NO_COMMON_BLOCKS = YES;
				GCC_OPTIMIZATION_LEVEL = 0;
				GCC_PREPROCESSOR_DEFINITIONS = (
					"DEBUG=1",
					"$(inherited)",
				);
				GCC_WARN_64_TO_32_BIT_CONVERSION = YES;
				GCC_WARN_ABOUT_RETURN_TYPE = YES_ERROR;
				GCC_WARN_UNDECLARED_SELECTOR = YES;
				GCC_WARN_UNINITIALIZED_AUTOS = YES_AGGRESSIVE;
				GCC_WARN_UNUSED_FUNCTION = YES;
				GCC_WARN_UNUSED_VARIABLE = YES;
				IPHONEOS_DEPLOYMENT_TARGET = 10.2;
				MTL_ENABLE_DEBUG_INFO = YES;
				ONLY_ACTIVE_ARCH = YES;
				SDKROOT = iphoneos;
				SWIFT_ACTIVE_COMPILATION_CONDITIONS = DEBUG;
				SWIFT_OPTIMIZATION_LEVEL = "-Onone";
			};
			name = Debug;
		};
		7534A6BD1E749425001A817B /* Release */ = {
			isa = XCBuildConfiguration;
			buildSettings = {
				ALWAYS_SEARCH_USER_PATHS = NO;
				CLANG_ANALYZER_NONNULL = YES;
				CLANG_CXX_LANGUAGE_STANDARD = "gnu++0x";
				CLANG_CXX_LIBRARY = "libc++";
				CLANG_ENABLE_MODULES = YES;
				CLANG_ENABLE_OBJC_ARC = YES;
				CLANG_WARN_BOOL_CONVERSION = YES;
				CLANG_WARN_CONSTANT_CONVERSION = YES;
				CLANG_WARN_DIRECT_OBJC_ISA_USAGE = YES_ERROR;
				CLANG_WARN_DOCUMENTATION_COMMENTS = YES;
				CLANG_WARN_EMPTY_BODY = YES;
				CLANG_WARN_ENUM_CONVERSION = YES;
				CLANG_WARN_INFINITE_RECURSION = YES;
				CLANG_WARN_INT_CONVERSION = YES;
				CLANG_WARN_OBJC_ROOT_CLASS = YES_ERROR;
				CLANG_WARN_SUSPICIOUS_MOVE = YES;
				CLANG_WARN_UNREACHABLE_CODE = YES;
				CLANG_WARN__DUPLICATE_METHOD_MATCH = YES;
				"CODE_SIGN_IDENTITY[sdk=iphoneos*]" = "iPhone Developer";
				COPY_PHASE_STRIP = NO;
				DEBUG_INFORMATION_FORMAT = "dwarf-with-dsym";
				ENABLE_NS_ASSERTIONS = NO;
				ENABLE_STRICT_OBJC_MSGSEND = YES;
				GCC_C_LANGUAGE_STANDARD = gnu99;
				GCC_NO_COMMON_BLOCKS = YES;
				GCC_WARN_64_TO_32_BIT_CONVERSION = YES;
				GCC_WARN_ABOUT_RETURN_TYPE = YES_ERROR;
				GCC_WARN_UNDECLARED_SELECTOR = YES;
				GCC_WARN_UNINITIALIZED_AUTOS = YES_AGGRESSIVE;
				GCC_WARN_UNUSED_FUNCTION = YES;
				GCC_WARN_UNUSED_VARIABLE = YES;
				IPHONEOS_DEPLOYMENT_TARGET = 10.2;
				MTL_ENABLE_DEBUG_INFO = NO;
				SDKROOT = iphoneos;
				SWIFT_OPTIMIZATION_LEVEL = "-Owholemodule";
				VALIDATE_PRODUCT = YES;
			};
			name = Release;
		};
		7534A6BF1E749425001A817B /* Debug */ = {
			isa = XCBuildConfiguration;
			baseConfigurationReference = 918D45FAC472D281CAD34D0D /* Pods-T-Minus.debug.xcconfig */;
			buildSettings = {
				ASSETCATALOG_COMPILER_APPICON_NAME = AppIcon;
				DEVELOPMENT_TEAM = 4SGAZDJL4U;
				INFOPLIST_FILE = TMinus/Info.plist;
				LD_RUNPATH_SEARCH_PATHS = "$(inherited) @executable_path/Frameworks";
				PRODUCT_BUNDLE_IDENTIFIER = com.claybrooksoftware.tminus;
				PRODUCT_NAME = "$(TARGET_NAME)";
				SWIFT_VERSION = 3.0;
			};
			name = Debug;
		};
		7534A6C01E749425001A817B /* Release */ = {
			isa = XCBuildConfiguration;
			baseConfigurationReference = 2111D873ACB18110BFDB842A /* Pods-T-Minus.release.xcconfig */;
			buildSettings = {
				ASSETCATALOG_COMPILER_APPICON_NAME = AppIcon;
				DEVELOPMENT_TEAM = 4SGAZDJL4U;
				INFOPLIST_FILE = TMinus/Info.plist;
				LD_RUNPATH_SEARCH_PATHS = "$(inherited) @executable_path/Frameworks";
				PRODUCT_BUNDLE_IDENTIFIER = com.claybrooksoftware.tminus;
				PRODUCT_NAME = "$(TARGET_NAME)";
				SWIFT_VERSION = 3.0;
			};
			name = Release;
		};
/* End XCBuildConfiguration section */

/* Begin XCConfigurationList section */
		7534A6A71E749425001A817B /* Build configuration list for PBXProject "TMinus" */ = {
			isa = XCConfigurationList;
			buildConfigurations = (
				7534A6BC1E749425001A817B /* Debug */,
				7534A6BD1E749425001A817B /* Release */,
			);
			defaultConfigurationIsVisible = 0;
			defaultConfigurationName = Release;
		};
		7534A6BE1E749425001A817B /* Build configuration list for PBXNativeTarget "T-Minus" */ = {
			isa = XCConfigurationList;
			buildConfigurations = (
				7534A6BF1E749425001A817B /* Debug */,
				7534A6C01E749425001A817B /* Release */,
			);
			defaultConfigurationIsVisible = 0;
			defaultConfigurationName = Release;
		};
/* End XCConfigurationList section */
	};
	rootObject = 7534A6A41E749425001A817B /* Project object */;
}
